
Microsoft Visual Studio Solution File, Format Version 12.00
# Visual Studio Version 17
VisualStudioVersion = 17.2.32630.192
MinimumVisualStudioVersion = 10.0.40219.1
Project("{9A19103F-16F7-4668-BE54-9A1E7A4F7556}") = "MQTTnet.Rx.Client", "MQTTnet.Rx.Client\MQTTnet.Rx.Client.csproj", "{51851430-4C4A-4805-B4C4-D85CDB08B375}"
EndProject
Project("{2150E333-8FDC-42A3-9474-1A3956D46DE8}") = "ProjectConfig", "ProjectConfig", "{C274B2D1-0A47-40CE-9EC5-91251C5163BC}"
	ProjectSection(SolutionItems) = preProject
		..\.editorconfig = ..\.editorconfig
		..\.gitignore = ..\.gitignore
		..\.github\workflows\BuildOnly.yml = ..\.github\workflows\BuildOnly.yml
		..\.github\dependabot.yml = ..\.github\dependabot.yml
		..\Directory.Build.props = ..\Directory.Build.props
		..\.github\workflows\dotnet.yml = ..\.github\workflows\dotnet.yml
		..\LICENSE = ..\LICENSE
		..\README.md = ..\README.md
		..\stylecop.json = ..\stylecop.json
		..\Version.json = ..\Version.json
	EndProjectSection
EndProject
Project("{9A19103F-16F7-4668-BE54-9A1E7A4F7556}") = "MQTTnet.Rx.Client.TestApp", "MQTTnet.Rx.Client.TestApp\MQTTnet.Rx.Client.TestApp.csproj", "{E14E94EC-3B68-457A-8B6E-E3D3EEC31364}"
EndProject
Project("{9A19103F-16F7-4668-BE54-9A1E7A4F7556}") = "_build", "..\build\_build.csproj", "{F5BA95C1-26FE-4C64-B2A0-B73158C0AA68}"
EndProject
Global
	GlobalSection(SolutionConfigurationPlatforms) = preSolution
		Debug|Any CPU = Debug|Any CPU
		Release|Any CPU = Release|Any CPU
	EndGlobalSection
	GlobalSection(ProjectConfigurationPlatforms) = postSolution
		{51851430-4C4A-4805-B4C4-D85CDB08B375}.Debug|Any CPU.ActiveCfg = Debug|Any CPU
		{51851430-4C4A-4805-B4C4-D85CDB08B375}.Debug|Any CPU.Build.0 = Debug|Any CPU
		{51851430-4C4A-4805-B4C4-D85CDB08B375}.Release|Any CPU.ActiveCfg = Release|Any CPU
		{51851430-4C4A-4805-B4C4-D85CDB08B375}.Release|Any CPU.Build.0 = Release|Any CPU
		{E14E94EC-3B68-457A-8B6E-E3D3EEC31364}.Debug|Any CPU.ActiveCfg = Debug|Any CPU
		{E14E94EC-3B68-457A-8B6E-E3D3EEC31364}.Debug|Any CPU.Build.0 = Debug|Any CPU
		{E14E94EC-3B68-457A-8B6E-E3D3EEC31364}.Release|Any CPU.ActiveCfg = Release|Any CPU
		{E14E94EC-3B68-457A-8B6E-E3D3EEC31364}.Release|Any CPU.Build.0 = Release|Any CPU
		{F5BA95C1-26FE-4C64-B2A0-B73158C0AA68}.Debug|Any CPU.ActiveCfg = Debug|Any CPU
		{F5BA95C1-26FE-4C64-B2A0-B73158C0AA68}.Release|Any CPU.ActiveCfg = Release|Any CPU
	EndGlobalSection
	GlobalSection(SolutionProperties) = preSolution
		HideSolutionNode = FALSE
	EndGlobalSection
	GlobalSection(ExtensibilityGlobals) = postSolution
		SolutionGuid = {D9463EA3-CF3B-427F-ADD1-74FAC52EA2FA}
	EndGlobalSection
EndGlobal
